
Microsoft Visual Studio Solution File, Format Version 12.00
# Visual Studio Version 16
VisualStudioVersion = 16.0.30717.126
MinimumVisualStudioVersion = 10.0.40219.1
Project("{9A19103F-16F7-4668-BE54-9A1E7A4F7556}") = "Pizzeria", "Pizzeria\Pizzeria.csproj", "{63FC9D5E-69E4-4DBC-A12D-A407B1F99666}"
EndProject
Project("{FAE04EC0-301F-11D3-BF4B-00C04F79EFBC}") = "PizzeriaTest", "PizzeriaTest\PizzeriaTest.csproj", "{21273B27-EE44-4017-BA37-9C4047BAA7B4}"
EndProject
Global
	GlobalSection(SolutionConfigurationPlatforms) = preSolution
		Debug|Any CPU = Debug|Any CPU
		Release|Any CPU = Release|Any CPU
	EndGlobalSection
	GlobalSection(ProjectConfigurationPlatforms) = postSolution
		{63FC9D5E-69E4-4DBC-A12D-A407B1F99666}.Debug|Any CPU.ActiveCfg = Debug|Any CPU
		{63FC9D5E-69E4-4DBC-A12D-A407B1F99666}.Debug|Any CPU.Build.0 = Debug|Any CPU
		{63FC9D5E-69E4-4DBC-A12D-A407B1F99666}.Release|Any CPU.ActiveCfg = Release|Any CPU
		{63FC9D5E-69E4-4DBC-A12D-A407B1F99666}.Release|Any CPU.Build.0 = Release|Any CPU
		{21273B27-EE44-4017-BA37-9C4047BAA7B4}.Debug|Any CPU.ActiveCfg = Debug|Any CPU
		{21273B27-EE44-4017-BA37-9C4047BAA7B4}.Debug|Any CPU.Build.0 = Debug|Any CPU
		{21273B27-EE44-4017-BA37-9C4047BAA7B4}.Release|Any CPU.ActiveCfg = Release|Any CPU
		{21273B27-EE44-4017-BA37-9C4047BAA7B4}.Release|Any CPU.Build.0 = Release|Any CPU
	EndGlobalSection
	GlobalSection(SolutionProperties) = preSolution
		HideSolutionNode = FALSE
	EndGlobalSection
	GlobalSection(ExtensibilityGlobals) = postSolution
		SolutionGuid = {532680F5-6F8C-4B97-8FF4-3049DD5F033B}
	EndGlobalSection
EndGlobal
